
Microsoft Visual Studio Solution File, Format Version 12.00
# Visual Studio 15
VisualStudioVersion = 15.0.28307.1267
MinimumVisualStudioVersion = 10.0.40219.1
Project("{FAE04EC0-301F-11D3-BF4B-00C04F79EFBC}") = "ProjetoZero", "WebApplication1\ProjetoZero.csproj", "{B54AF19C-D443-4D6C-8226-833B9801BB6D}"
EndProject
Global
	GlobalSection(SolutionConfigurationPlatforms) = preSolution
		Debug|Any CPU = Debug|Any CPU
		Release|Any CPU = Release|Any CPU
	EndGlobalSection
	GlobalSection(ProjectConfigurationPlatforms) = postSolution
		{B54AF19C-D443-4D6C-8226-833B9801BB6D}.Debug|Any CPU.ActiveCfg = Debug|Any CPU
		{B54AF19C-D443-4D6C-8226-833B9801BB6D}.Debug|Any CPU.Build.0 = Debug|Any CPU
		{B54AF19C-D443-4D6C-8226-833B9801BB6D}.Release|Any CPU.ActiveCfg = Release|Any CPU
		{B54AF19C-D443-4D6C-8226-833B9801BB6D}.Release|Any CPU.Build.0 = Release|Any CPU
	EndGlobalSection
	GlobalSection(SolutionProperties) = preSolution
		HideSolutionNode = FALSE
	EndGlobalSection
	GlobalSection(ExtensibilityGlobals) = postSolution
		SolutionGuid = {9C791DB4-D8A1-43D9-AF78-1BE1DE4CB218}
	EndGlobalSection
EndGlobal
